
Microsoft Visual Studio Solution File, Format Version 12.00
Project("{FAE04EC0-301F-11D3-BF4B-00C04F79EFBC}") = "Tests.Unit", "Tests.Unit\Tests.Unit.csproj", "{43749A5A-4896-47E4-8818-DBC47BDB95EC}"
EndProject
Project("{FAE04EC0-301F-11D3-BF4B-00C04F79EFBC}") = "Tests.Repository", "Tests.Repository\Tests.Repository.csproj", "{14A0A4B3-7EFD-4227-98D0-710050ABDD6E}"
EndProject
Global
	GlobalSection(SolutionConfigurationPlatforms) = preSolution
		Debug|Any CPU = Debug|Any CPU
		Release|Any CPU = Release|Any CPU
	EndGlobalSection
	GlobalSection(ProjectConfigurationPlatforms) = postSolution
		{43749A5A-4896-47E4-8818-DBC47BDB95EC}.Debug|Any CPU.ActiveCfg = Debug|Any CPU
		{43749A5A-4896-47E4-8818-DBC47BDB95EC}.Debug|Any CPU.Build.0 = Debug|Any CPU
		{43749A5A-4896-47E4-8818-DBC47BDB95EC}.Release|Any CPU.ActiveCfg = Release|Any CPU
		{43749A5A-4896-47E4-8818-DBC47BDB95EC}.Release|Any CPU.Build.0 = Release|Any CPU
		{14A0A4B3-7EFD-4227-98D0-710050ABDD6E}.Debug|Any CPU.ActiveCfg = Debug|Any CPU
		{14A0A4B3-7EFD-4227-98D0-710050ABDD6E}.Debug|Any CPU.Build.0 = Debug|Any CPU
		{14A0A4B3-7EFD-4227-98D0-710050ABDD6E}.Release|Any CPU.ActiveCfg = Release|Any CPU
		{14A0A4B3-7EFD-4227-98D0-710050ABDD6E}.Release|Any CPU.Build.0 = Release|Any CPU
	EndGlobalSection
EndGlobal
